
Microsoft Visual Studio Solution File, Format Version 12.00
# Visual Studio Version 17
VisualStudioVersion = 17.2.32519.379
MinimumVisualStudioVersion = 10.0.40219.1
Project("{9A19103F-16F7-4668-BE54-9A1E7A4F7556}") = "Calischool", "WebApplication1\Calischool.csproj", "{9B3B34AD-23B1-4E0D-BE1E-8B988E39237C}"
EndProject
Global
	GlobalSection(SolutionConfigurationPlatforms) = preSolution
		Debug|Any CPU = Debug|Any CPU
		Release|Any CPU = Release|Any CPU
	EndGlobalSection
	GlobalSection(ProjectConfigurationPlatforms) = postSolution
		{9B3B34AD-23B1-4E0D-BE1E-8B988E39237C}.Debug|Any CPU.ActiveCfg = Debug|Any CPU
		{9B3B34AD-23B1-4E0D-BE1E-8B988E39237C}.Debug|Any CPU.Build.0 = Debug|Any CPU
		{9B3B34AD-23B1-4E0D-BE1E-8B988E39237C}.Release|Any CPU.ActiveCfg = Release|Any CPU
		{9B3B34AD-23B1-4E0D-BE1E-8B988E39237C}.Release|Any CPU.Build.0 = Release|Any CPU
	EndGlobalSection
	GlobalSection(SolutionProperties) = preSolution
		HideSolutionNode = FALSE
	EndGlobalSection
	GlobalSection(ExtensibilityGlobals) = postSolution
		SolutionGuid = {4721C7E2-2921-4B7C-8525-A6162E8B9284}
	EndGlobalSection
EndGlobal
